
Microsoft Visual Studio Solution File, Format Version 12.00
# Visual Studio 14
VisualStudioVersion = 14.0.25123.0
MinimumVisualStudioVersion = 10.0.40219.1
Project("{FAE04EC0-301F-11D3-BF4B-00C04F79EFBC}") = "CreateTable", "CreateTable\CreateTable.csproj", "{B89F4E5F-618E-4121-A2B2-418A73236DBD}"
EndProject
Global
	GlobalSection(SolutionConfigurationPlatforms) = preSolution
		Debug|Any CPU = Debug|Any CPU
		Release|Any CPU = Release|Any CPU
	EndGlobalSection
	GlobalSection(ProjectConfigurationPlatforms) = postSolution
		{B89F4E5F-618E-4121-A2B2-418A73236DBD}.Debug|Any CPU.ActiveCfg = Debug|Any CPU
		{B89F4E5F-618E-4121-A2B2-418A73236DBD}.Debug|Any CPU.Build.0 = Debug|Any CPU
		{B89F4E5F-618E-4121-A2B2-418A73236DBD}.Release|Any CPU.ActiveCfg = Release|Any CPU
		{B89F4E5F-618E-4121-A2B2-418A73236DBD}.Release|Any CPU.Build.0 = Release|Any CPU
	EndGlobalSection
	GlobalSection(SolutionProperties) = preSolution
		HideSolutionNode = FALSE
	EndGlobalSection
EndGlobal
